
Microsoft Visual Studio Solution File, Format Version 12.00
# Visual Studio Version 16
VisualStudioVersion = 16.0.30114.105
MinimumVisualStudioVersion = 10.0.40219.1
Project("{FAE04EC0-301F-11D3-BF4B-00C04F79EFBC}") = "ConsoleApp2", "ConsoleApp2\ConsoleApp2.csproj", "{49E73E71-4A81-41BC-BF62-37244C9CB076}"
EndProject
Global
	GlobalSection(SolutionConfigurationPlatforms) = preSolution
		Debug|Any CPU = Debug|Any CPU
		Release|Any CPU = Release|Any CPU
	EndGlobalSection
	GlobalSection(ProjectConfigurationPlatforms) = postSolution
		{49E73E71-4A81-41BC-BF62-37244C9CB076}.Debug|Any CPU.ActiveCfg = Debug|Any CPU
		{49E73E71-4A81-41BC-BF62-37244C9CB076}.Debug|Any CPU.Build.0 = Debug|Any CPU
		{49E73E71-4A81-41BC-BF62-37244C9CB076}.Release|Any CPU.ActiveCfg = Release|Any CPU
		{49E73E71-4A81-41BC-BF62-37244C9CB076}.Release|Any CPU.Build.0 = Release|Any CPU
	EndGlobalSection
	GlobalSection(SolutionProperties) = preSolution
		HideSolutionNode = FALSE
	EndGlobalSection
	GlobalSection(ExtensibilityGlobals) = postSolution
		SolutionGuid = {B0F4C666-B9A3-400E-8BDA-49B5ED92415C}
	EndGlobalSection
EndGlobal
